
Microsoft Visual Studio Solution File, Format Version 12.00
# Visual Studio Version 16
VisualStudioVersion = 16.0.32630.194
MinimumVisualStudioVersion = 10.0.40219.1
Project("{FAE04EC0-301F-11D3-BF4B-00C04F79EFBC}") = "XrmMigrationUtility", "NewXrmToolBoxTool1\XrmMigrationUtility.csproj", "{5FF0A4C5-C5DB-4EBB-B090-4DB274096002}"
EndProject
Global
	GlobalSection(SolutionConfigurationPlatforms) = preSolution
		Debug|Any CPU = Debug|Any CPU
		Debug|x86 = Debug|x86
		Release|Any CPU = Release|Any CPU
		Release|x86 = Release|x86
	EndGlobalSection
	GlobalSection(ProjectConfigurationPlatforms) = postSolution
		{5FF0A4C5-C5DB-4EBB-B090-4DB274096002}.Debug|Any CPU.ActiveCfg = Debug|Any CPU
		{5FF0A4C5-C5DB-4EBB-B090-4DB274096002}.Debug|Any CPU.Build.0 = Debug|Any CPU
		{5FF0A4C5-C5DB-4EBB-B090-4DB274096002}.Debug|x86.ActiveCfg = Debug|Any CPU
		{5FF0A4C5-C5DB-4EBB-B090-4DB274096002}.Debug|x86.Build.0 = Debug|Any CPU
		{5FF0A4C5-C5DB-4EBB-B090-4DB274096002}.Release|Any CPU.ActiveCfg = Release|Any CPU
		{5FF0A4C5-C5DB-4EBB-B090-4DB274096002}.Release|Any CPU.Build.0 = Release|Any CPU
		{5FF0A4C5-C5DB-4EBB-B090-4DB274096002}.Release|x86.ActiveCfg = Release|Win32
		{5FF0A4C5-C5DB-4EBB-B090-4DB274096002}.Release|x86.Build.0 = Release|Win32
	EndGlobalSection
	GlobalSection(SolutionProperties) = preSolution
		HideSolutionNode = FALSE
	EndGlobalSection
	GlobalSection(ExtensibilityGlobals) = postSolution
		SolutionGuid = {934A0C19-EE23-416D-BA99-8693FFEE1C0E}
	EndGlobalSection
EndGlobal
